{
  "nodes": {
    "crane": {
      "locked": {
        "lastModified": 1787326676,
        "narHash": "sha256-lWhBbBvC05/xwivKBBiM2YNizpmgqCgyOIzomvRuwxs=",
        "owner": "ipetkov",
        "repo": "crane",
        "rev": "692f7e9ef2ece8125b466f66f2af532b3edaed0d",
        "type": "github"
      },
      "original": {
        "owner": "ipetkov",
        "repo": "crane",
        "type": "github"
      }
    },
    "disko": {
      "inputs": {
        "nixpkgs": "nixpkgs"
      },
      "locked": {
        "lastModified": 1781152676,
        "narHash": "sha256-RxWs5ND31KzTG7wvMM+PMfUjyNpmIEr999lqNARaM5o=",
        "owner": "nix-community",
        "repo": "disko",
        "rev": "ff8702b4de27f72b4c78573dfb89ec74e36abdf1",
        "type": "github"
      },
      "original": {
        "owner": "nix-community",
        "repo": "disko",
        "type": "github"
      }
    },
    "flake-compat": {
      "flake": false,
      "locked": {
        "lastModified": 1767039857,
        "narHash": "sha256-vNpUSpF5Nuw8xvDLj2KCwwksIbjua2LZCqhV1LNRDns=",
        "owner": "NixOS",
        "repo": "flake-compat",
        "rev": "5edf11c44bc78a0d334f6334cdaf7d60d732daab",
        "type": "github"
      },
      "original": {
        "owner": "NixOS",
        "repo": "flake-compat",
        "type": "github"
      }
    },
    "flake-parts": {
      "inputs": {
        "nixpkgs-lib": [
          "nixified-ai",
          "nixpkgs"
        ]
      },
      "locked": {
        "lastModified": 1768135262,
        "narHash": "sha256-PVvu7OqHBGWN16zSi6tEmPwwHQ4rLPU9Plvs8/1TUBY=",
        "owner": "hercules-ci",
        "repo": "flake-parts",
        "rev": "80daad04eddbbf5a4d883996a73f3f542fa437ac",
        "type": "github"
      },
      "original": {
        "owner": "hercules-ci",
        "repo": "flake-parts",
        "type": "github"
      }
    },
    "flake-parts_2": {
      "inputs": {
        "nixpkgs-lib": [
          "nixified-ai",
          "hercules-ci-effects",
          "nixpkgs"
        ]
      },
      "locked": {
        "lastModified": 1768135262,
        "narHash": "sha256-PVvu7OqHBGWN16zSi6tEmPwwHQ4rLPU9Plvs8/1TUBY=",
        "owner": "hercules-ci",
        "repo": "flake-parts",
        "rev": "80daad04eddbbf5a4d883996a73f3f542fa437ac",
        "type": "github"
      },
      "original": {
        "id": "flake-parts",
        "type": "indirect"
      }
    },
    "hercules-ci-effects": {
      "inputs": {
        "flake-parts": "flake-parts_2",
        "nixpkgs": [
          "nixified-ai",
          "nixpkgs"
        ]
      },
      "locked": {
        "lastModified": 1768476106,
        "narHash": "sha256-V0YOJRum50gtKgwavsAfwXc9+XAsJCC7386YZx1sWGQ=",
        "owner": "hercules-ci",
        "repo": "hercules-ci-effects",
        "rev": "c19e263e6e22ec7379d972f19e6a322f943c73fb",
        "type": "github"
      },
      "original": {
        "owner": "hercules-ci",
        "repo": "hercules-ci-effects",
        "type": "github"
      }
    },
    "home-manager": {
      "inputs": {
        "nixpkgs": [
          "nixpkgs"
        ]
      },
      "locked": {
        "lastModified": 1787377438,
        "narHash": "sha256-Sxu1NLTD/Ern6hFGLlZmtKCSct3YQXZI/lls8RE1XeM=",
        "owner": "nix-community",
        "repo": "home-manager",
        "rev": "65258d5c65a250189fde2e35f490d15e064c4c62",
        "type": "github"
      },
      "original": {
        "owner": "nix-community",
        "ref": "release-26.05",
        "repo": "home-manager",
        "type": "github"
      }
    },
    "home-manager_2": {
      "inputs": {
        "nixpkgs": [
          "impermanence",
          "nixpkgs"
        ]
      },
      "locked": {
        "lastModified": 1768598210,
        "narHash": "sha256-kkgA32s/f4jaa4UG+2f8C225Qvclxnqs76mf8zvTVPg=",
        "owner": "nix-community",
        "repo": "home-manager",
        "rev": "c47b2cc64a629f8e075de52e4742de688f930dc6",
        "type": "github"
      },
      "original": {
        "owner": "nix-community",
        "repo": "home-manager",
        "type": "github"
      }
    },
    "impermanence": {
      "inputs": {
        "home-manager": "home-manager_2",
        "nixpkgs": [
          "nixpkgs"
        ]
      },
      "locked": {
        "lastModified": 1769548169,
        "narHash": "sha256-03+JxvzmfwRu+5JafM0DLbxgHttOQZkUtDWBmeUkN8Y=",
        "owner": "nix-community",
        "repo": "impermanence",
        "rev": "7b1d382faf603b6d264f58627330f9faa5cba149",
        "type": "github"
      },
      "original": {
        "owner": "nix-community",
        "repo": "impermanence",
        "type": "github"
      }
    },
    "lanzaboote": {
      "inputs": {
        "crane": "crane",
        "nixpkgs": "nixpkgs_2",
        "pre-commit": "pre-commit",
        "rust-overlay": "rust-overlay"
      },
      "locked": {
        "lastModified": 1787658383,
        "narHash": "sha256-I+zCjwAtkmgnet+08H+7HV8qJjf6BoFMYsX/8lMiW/s=",
        "owner": "nix-community",
        "repo": "lanzaboote",
        "rev": "69cf334f9dbc11213c6228c97e9b32924d51443f",
        "type": "github"
      },
      "original": {
        "owner": "nix-community",
        "repo": "lanzaboote",
        "type": "github"
      }
    },
    "nixified-ai": {
      "inputs": {
        "flake-parts": "flake-parts",
        "hercules-ci-effects": "hercules-ci-effects",
        "nixpkgs": "nixpkgs_3"
      },
      "locked": {
        "lastModified": 1787771364,
        "narHash": "sha256-RCZgcT+/43KeYcMrwA+du0B3eKmJWh2YerXxViA4aeg=",
        "owner": "nixified-ai",
        "repo": "flake",
        "rev": "cdd55628e44ef6f02fbb813687eb37d35945f3cf",
        "type": "github"
      },
      "original": {
        "owner": "nixified-ai",
        "repo": "flake",
        "type": "github"
      }
    },
    "nixos-hardware": {
      "inputs": {
        "nixpkgs": "nixpkgs_4"
      },
      "locked": {
        "lastModified": 1787144466,
        "narHash": "sha256-HHfv2/HkNSKbbSyU9iD/g8lbP6r4tl33sSw1W4rXCk0=",
        "owner": "NixOS",
        "repo": "nixos-hardware",
        "rev": "0471accf8d0a8210b31d947497d179ecc99e0021",
        "type": "github"
      },
      "original": {
        "owner": "NixOS",
        "repo": "nixos-hardware",
        "type": "github"
      }
    },
    "nixos-rocm": {
      "inputs": {
        "nixpkgs": [
          "nixpkgs"
        ]
      },
      "locked": {
        "lastModified": 1687959333,
        "narHash": "sha256-NqM5vMtpznX/Ws4Ca7LDFKFSX6srFd82aaFIZXwssg4=",
        "owner": "nixos-rocm",
        "repo": "nixos-rocm",
        "rev": "242305cac651e136928ddae922a4edec723ddf59",
        "type": "github"
      },
      "original": {
        "owner": "nixos-rocm",
        "repo": "nixos-rocm",
        "type": "github"
      }
    },
    "nixpkgs": {
      "locked": {
        "lastModified": 1780930886,
        "narHash": "sha256-rppURzHviaQN131F+nLiLdGfcb0uCd9gGP0E5+iw9MI=",
        "owner": "NixOS",
        "repo": "nixpkgs",
        "rev": "8c3cede7ddc26bd659d2d383b5610efbd2c7a16e",
        "type": "github"
      },
      "original": {
        "owner": "NixOS",
        "ref": "nixpkgs-unstable",
        "repo": "nixpkgs",
        "type": "github"
      }
    },
    "nixpkgs-unstable": {
      "locked": {
        "lastModified": 1787498568,
        "narHash": "sha256-9i/VTdusq/+NM/tz+J1Re+ojkMB8MBf0QshnYfzHz30=",
        "owner": "NixOS",
        "repo": "nixpkgs",
        "rev": "56c02bc00adcf003215cc4bd996d6efaf4cff188",
        "type": "github"
      },
      "original": {
        "owner": "NixOS",
        "ref": "nixos-unstable",
        "repo": "nixpkgs",
        "type": "github"
      }
    },
    "nixpkgs_2": {
      "locked": {
        "lastModified": 1787360063,
        "narHash": "sha256-dt4WdcvsA8/RCe+VZZwqU0X+XMM3wBbGCWA0/sFWzGo=",
        "owner": "NixOS",
        "repo": "nixpkgs",
        "rev": "2c423e03bbafcff28bfadc6781a4a8257f205cb5",
        "type": "github"
      },
      "original": {
        "owner": "NixOS",
        "ref": "nixos-unstable",
        "repo": "nixpkgs",
        "type": "github"
      }
    },
    "nixpkgs_3": {
      "locked": {
        "lastModified": 1781577229,
        "narHash": "sha256-lrp67w8AulE9Ks53n27I45ADSzbOCn4H+CNW1Ck8B+8=",
        "owner": "NixOS",
        "repo": "nixpkgs",
        "rev": "567a49d1913ce81ac6e9582e3553dd90a955875f",
        "type": "github"
      },
      "original": {
        "owner": "NixOS",
        "ref": "567a49d1913ce81ac6e9582e3553dd90a955875f",
        "repo": "nixpkgs",
        "type": "github"
      }
    },
    "nixpkgs_4": {
      "locked": {
        "lastModified": 1767892417,
        "narHash": "sha256-8bW3q88CEg2u4hSP66Vf4lpbLonHz7hqDNBMcCY7E9U=",
        "rev": "3497aa5c9457a9d88d71fa93a4a8368816fbeeba",
        "type": "tarball",
        "url": "https://releases.nixos.org/nixos/unstable/nixos-26.05pre924538.3497aa5c9457/nixexprs.tar.xz"
      },
      "original": {
        "type": "tarball",
        "url": "https://channels.nixos.org/nixos-unstable/nixexprs.tar.xz"
      }
    },
    "nixpkgs_5": {
      "locked": {
        "lastModified": 1787753485,
        "narHash": "sha256-BZWCi9ZRJiARTuKTbbtvFTj7t1TK4G3UEckT3HyNfRg=",
        "owner": "NixOS",
        "repo": "nixpkgs",
        "rev": "062346a6d85bc4b49dfaa61c986e9c5be21217d1",
        "type": "github"
      },
      "original": {
        "owner": "NixOS",
        "ref": "nixos-26.05",
        "repo": "nixpkgs",
        "type": "github"
      }
    },
    "pre-commit": {
      "inputs": {
        "flake-compat": "flake-compat",
        "nixpkgs": [
          "lanzaboote",
          "nixpkgs"
        ]
      },
      "locked": {
        "lastModified": 1787424939,
        "narHash": "sha256-O2tBn84NNuHrnqNVxx/XqsXwfYvS1YwBh+7CBnbCYsk=",
        "owner": "cachix",
        "repo": "git-hooks.nix",
        "rev": "809414f0cdadf82cf11b06c2b29ba9b3168b3297",
        "type": "github"
      },
      "original": {
        "owner": "cachix",
        "repo": "git-hooks.nix",
        "type": "github"
      }
    },
    "root": {
      "inputs": {
        "disko": "disko",
        "home-manager": "home-manager",
        "impermanence": "impermanence",
        "lanzaboote": "lanzaboote",
        "nixified-ai": "nixified-ai",
        "nixos-hardware": "nixos-hardware",
        "nixos-rocm": "nixos-rocm",
        "nixpkgs": "nixpkgs_5",
        "nixpkgs-unstable": "nixpkgs-unstable",
        "sops-nix": "sops-nix"
      }
    },
    "rust-overlay": {
      "inputs": {
        "nixpkgs": [
          "lanzaboote",
          "nixpkgs"
        ]
      },
      "locked": {
        "lastModified": 1787454509,
        "narHash": "sha256-r4LDUF+zmJnkftvCVkCrUhSJazsf6EVJF+V2l4/MYbI=",
        "owner": "oxalica",
        "repo": "rust-overlay",
        "rev": "f60c1b57ff805a46b5175c76fc981fb4f81efbcc",
        "type": "github"
      },
      "original": {
        "owner": "oxalica",
        "repo": "rust-overlay",
        "type": "github"
      }
    },
    "sops-nix": {
      "inputs": {
        "nixpkgs": [
          "nixpkgs"
        ]
      },
      "locked": {
        "lastModified": 1786629091,
        "narHash": "sha256-gkig4nPi1CWc4Z50GBsjE4ygSE7hMpl/TwID2an2Cck=",
        "owner": "Mic92",
        "repo": "sops-nix",
        "rev": "a8627b21b9107c5711c96b84f32a9a4b3d45295f",
        "type": "github"
      },
      "original": {
        "owner": "Mic92",
        "repo": "sops-nix",
        "type": "github"
      }
    }
  },
  "root": "root",
  "version": 7
}
