# This file was autogenerated by uv via the following command:
#    uv pip compile ai-stack/mcp-servers/aider-wrapper/requirements.txt -o ai-stack/mcp-servers/aider-wrapper/requirements.lock --python-version 3.11
annotated-doc==0.0.4
    # via fastapi
annotated-types==0.7.0
    # via pydantic
anyio==4.13.0
    # via
    #   starlette
    #   watchfiles
click==8.3.3
    # via uvicorn
fastapi==0.136.1
    # via -r ai-stack/mcp-servers/aider-wrapper/requirements.txt
h11==0.16.0
    # via uvicorn
httptools==0.7.1
    # via uvicorn
idna==3.13
    # via anyio
pydantic==2.13.3
    # via
    #   -r ai-stack/mcp-servers/aider-wrapper/requirements.txt
    #   fastapi
pydantic-core==2.46.3
    # via pydantic
python-dotenv==1.2.2
    # via
    #   -r ai-stack/mcp-servers/aider-wrapper/requirements.txt
    #   uvicorn
pyyaml==6.0.3
    # via uvicorn
starlette==1.0.0
    # via fastapi
structlog==25.5.0
    # via -r ai-stack/mcp-servers/aider-wrapper/requirements.txt
typing-extensions==4.15.0
    # via
    #   anyio
    #   fastapi
    #   pydantic
    #   pydantic-core
    #   starlette
    #   typing-inspection
typing-inspection==0.4.2
    # via
    #   fastapi
    #   pydantic
uvicorn==0.46.0
    # via -r ai-stack/mcp-servers/aider-wrapper/requirements.txt
uvloop==0.22.1
    # via uvicorn
watchfiles==1.1.1
    # via uvicorn
websockets==16.0
    # via uvicorn
